
Microsoft Visual Studio Solution File, Format Version 12.00
# Visual Studio Version 17
VisualStudioVersion = 17.5.33530.505
MinimumVisualStudioVersion = 10.0.40219.1
Project("{FAE04EC0-301F-11D3-BF4B-00C04F79EFBC}") = "Chain of Responsibility", "Chain of Responsibility\Chain of Responsibility.csproj", "{4EB9A01C-DDAE-417F-8FB6-E05D3C0C8027}"
EndProject
Global
	GlobalSection(SolutionConfigurationPlatforms) = preSolution
		Debug|Any CPU = Debug|Any CPU
		Release|Any CPU = Release|Any CPU
	EndGlobalSection
	GlobalSection(ProjectConfigurationPlatforms) = postSolution
		{4EB9A01C-DDAE-417F-8FB6-E05D3C0C8027}.Debug|Any CPU.ActiveCfg = Debug|Any CPU
		{4EB9A01C-DDAE-417F-8FB6-E05D3C0C8027}.Debug|Any CPU.Build.0 = Debug|Any CPU
		{4EB9A01C-DDAE-417F-8FB6-E05D3C0C8027}.Release|Any CPU.ActiveCfg = Release|Any CPU
		{4EB9A01C-DDAE-417F-8FB6-E05D3C0C8027}.Release|Any CPU.Build.0 = Release|Any CPU
	EndGlobalSection
	GlobalSection(SolutionProperties) = preSolution
		HideSolutionNode = FALSE
	EndGlobalSection
	GlobalSection(ExtensibilityGlobals) = postSolution
		SolutionGuid = {6C8C161B-2BBE-4F22-9D8B-D2F605FA6D70}
	EndGlobalSection
EndGlobal
