
Microsoft Visual Studio Solution File, Format Version 12.00
# Visual Studio Version 17
VisualStudioVersion = 17.5.33530.505
MinimumVisualStudioVersion = 10.0.40219.1
Project("{FAE04EC0-301F-11D3-BF4B-00C04F79EFBC}") = "Flyweight", "Flyweight\Flyweight.csproj", "{322F64C4-D6D2-42E5-A43B-459D6FC67021}"
EndProject
Global
	GlobalSection(SolutionConfigurationPlatforms) = preSolution
		Debug|Any CPU = Debug|Any CPU
		Release|Any CPU = Release|Any CPU
	EndGlobalSection
	GlobalSection(ProjectConfigurationPlatforms) = postSolution
		{322F64C4-D6D2-42E5-A43B-459D6FC67021}.Debug|Any CPU.ActiveCfg = Debug|Any CPU
		{322F64C4-D6D2-42E5-A43B-459D6FC67021}.Debug|Any CPU.Build.0 = Debug|Any CPU
		{322F64C4-D6D2-42E5-A43B-459D6FC67021}.Release|Any CPU.ActiveCfg = Release|Any CPU
		{322F64C4-D6D2-42E5-A43B-459D6FC67021}.Release|Any CPU.Build.0 = Release|Any CPU
	EndGlobalSection
	GlobalSection(SolutionProperties) = preSolution
		HideSolutionNode = FALSE
	EndGlobalSection
	GlobalSection(ExtensibilityGlobals) = postSolution
		SolutionGuid = {5813F352-A154-4494-80A7-9E4CCED07CED}
	EndGlobalSection
EndGlobal
