
Microsoft Visual Studio Solution File, Format Version 12.00
# Visual Studio Version 16
VisualStudioVersion = 16.0.33130.400
MinimumVisualStudioVersion = 10.0.40219.1
Project("{FAE04EC0-301F-11D3-BF4B-00C04F79EFBC}") = "Prototype", "Prototype\Prototype.csproj", "{8E038DFC-43B5-4FD0-98B6-2C6A4F85BB78}"
EndProject
Global
	GlobalSection(SolutionConfigurationPlatforms) = preSolution
		Debug|Any CPU = Debug|Any CPU
		Release|Any CPU = Release|Any CPU
	EndGlobalSection
	GlobalSection(ProjectConfigurationPlatforms) = postSolution
		{8E038DFC-43B5-4FD0-98B6-2C6A4F85BB78}.Debug|Any CPU.ActiveCfg = Debug|Any CPU
		{8E038DFC-43B5-4FD0-98B6-2C6A4F85BB78}.Debug|Any CPU.Build.0 = Debug|Any CPU
		{8E038DFC-43B5-4FD0-98B6-2C6A4F85BB78}.Release|Any CPU.ActiveCfg = Release|Any CPU
		{8E038DFC-43B5-4FD0-98B6-2C6A4F85BB78}.Release|Any CPU.Build.0 = Release|Any CPU
	EndGlobalSection
	GlobalSection(SolutionProperties) = preSolution
		HideSolutionNode = FALSE
	EndGlobalSection
	GlobalSection(ExtensibilityGlobals) = postSolution
		SolutionGuid = {B79BB329-F948-4354-B7CD-4FD0A7F95C8B}
	EndGlobalSection
EndGlobal
